
Microsoft Visual Studio Solution File, Format Version 12.00
# Visual Studio 14
VisualStudioVersion = 14.0.25420.1
MinimumVisualStudioVersion = 10.0.40219.1
Project("{FAE04EC0-301F-11D3-BF4B-00C04F79EFBC}") = "Larch.Host", "Larch.Host\Larch.Host.csproj", "{E614C3C5-A94B-4071-8EB9-55B7FB8BAFC3}"
EndProject
Project("{2150E333-8FDC-42A3-9474-1A3956D46DE8}") = "Solution Items", "Solution Items", "{CE67E717-0890-4AE9-AB81-943679CF7490}"
	ProjectSection(SolutionItems) = preProject
		ApiKey.cmd = ApiKey.cmd
		push.cmd = push.cmd
		README.md = README.md
	EndProjectSection
EndProject
Global
	GlobalSection(SolutionConfigurationPlatforms) = preSolution
		Debug|Any CPU = Debug|Any CPU
		Release|Any CPU = Release|Any CPU
	EndGlobalSection
	GlobalSection(ProjectConfigurationPlatforms) = postSolution
		{E614C3C5-A94B-4071-8EB9-55B7FB8BAFC3}.Debug|Any CPU.ActiveCfg = Debug|Any CPU
		{E614C3C5-A94B-4071-8EB9-55B7FB8BAFC3}.Debug|Any CPU.Build.0 = Debug|Any CPU
		{E614C3C5-A94B-4071-8EB9-55B7FB8BAFC3}.Release|Any CPU.ActiveCfg = Release|Any CPU
		{E614C3C5-A94B-4071-8EB9-55B7FB8BAFC3}.Release|Any CPU.Build.0 = Release|Any CPU
	EndGlobalSection
	GlobalSection(SolutionProperties) = preSolution
		HideSolutionNode = FALSE
	EndGlobalSection
EndGlobal
